<?xml version="1.0" encoding="utf-8"?>
<Project ToolsVersion="4.0" xmlns="http://schemas.microsoft.com/developer/msbuild/2003">
  <ItemGroup>
    <ClCompile Include="FlashNote.cpp" />
    <ClCompile Include="LeftSideItemDelegate.cpp" />
    <ClCompile Include="listpane.cpp" />
    <ClCompile Include="NoteMainWindow.cpp" />
    <ClCompile Include="note_editwindow.cpp" />
    <ClCompile Include="qcc__icons.cpp" />
    <ClCompile Include="stdafx.cpp" />
    <ClCompile Include="comctrl\menubutton.cpp">
      <Filter>comctrl</Filter>
    </ClCompile>
    <ClCompile Include="comctrl\toolbutton.cpp">
      <Filter>comctrl</Filter>
    </ClCompile>
    <ClCompile Include="DrawerFunc.cpp" />
    <ClCompile Include="FontColorComboBox.cpp" />
    <ClCompile Include="fontsize_combobox.cpp" />
    <ClCompile Include="font_combobox.cpp" />
    <ClCompile Include="FramelessLineEdit.cpp" />
    <ClCompile Include="SeperateLine.cpp" />
    <ClCompile Include="style\MyStyle.cpp">
      <Filter>style</Filter>
    </ClCompile>
    <ClCompile Include="style\ToolButtonStyle.cpp">
      <Filter>style</Filter>
    </ClCompile>
    <ClCompile Include="style\toolbuttonstyleoption.cpp">
      <Filter>style</Filter>
    </ClCompile>
    <ClCompile Include="coloritemdelegate.cpp" />
    <ClCompile Include="colortableview.cpp" />
    <ClCompile Include="colorgallery.cpp" />
    <ClCompile Include="popupwidget.cpp">
      <Filter>comctrl</Filter>
    </ClCompile>
    <ClCompile Include="richeditor\mrichtextedit.cpp">
      <Filter>richeditor</Filter>
    </ClCompile>
    <ClCompile Include="richeditor\mtextedit.cpp">
      <Filter>richeditor</Filter>
    </ClCompile>
    <ClCompile Include="richeditor\richtexteditor.cpp">
      <Filter>richeditor</Filter>
    </ClCompile>
  </ItemGroup>
  <ItemGroup>
    <ClInclude Include="stdafx.h" />
    <ClInclude Include="DrawerFunc.h" />
    <ClInclude Include="SeperateLine.h" />
    <ClInclude Include="style\ToolButtonStyle.h">
      <Filter>style</Filter>
    </ClInclude>
    <ClInclude Include="style\toolbuttonstyleoption.h">
      <Filter>style</Filter>
    </ClInclude>
  </ItemGroup>
  <ItemGroup>
    <CustomBuild Include="NoteMainWindow.h" />
    <CustomBuild Include="listpane.h" />
    <CustomBuild Include="LeftSideItemDelegate.h" />
    <CustomBuild Include="note_editwindow.h" />
    <CustomBuild Include="res\icons.qrc" />
    <CustomBuild Include="NoteMainWindow.ui" />
    <CustomBuild Include="note_editwindow.ui" />
    <CustomBuild Include="comctrl\menubutton.h">
      <Filter>comctrl</Filter>
    </CustomBuild>
    <CustomBuild Include="comctrl\toolbutton.h">
      <Filter>comctrl</Filter>
    </CustomBuild>
    <CustomBuild Include="FramelessLineEdit.h" />
    <CustomBuild Include="fontsize_combobox.h" />
    <CustomBuild Include="font_combobox.h" />
    <CustomBuild Include="FontColorComboBox.h" />
    <CustomBuild Include="style\MyStyle.h">
      <Filter>style</Filter>
    </CustomBuild>
    <CustomBuild Include="coloritemdelegate.h" />
    <CustomBuild Include="colortableview.h" />
    <CustomBuild Include="colorgallery.h" />
    <CustomBuild Include="popupwidget.h">
      <Filter>comctrl</Filter>
    </CustomBuild>
    <CustomBuild Include="richeditor\mrichtextedit.ui">
      <Filter>richeditor</Filter>
    </CustomBuild>
    <CustomBuild Include="richeditor\mrichtextedit.h">
      <Filter>richeditor</Filter>
    </CustomBuild>
    <CustomBuild Include="richeditor\mtextedit.h">
      <Filter>richeditor</Filter>
    </CustomBuild>
    <CustomBuild Include="richeditor\richtexteditor.h">
      <Filter>richeditor</Filter>
    </CustomBuild>
  </ItemGroup>
  <ItemGroup>
    <Filter Include="style">
      <UniqueIdentifier>{d89376e1-fa13-41fc-97c8-6cc6d347caf8}</UniqueIdentifier>
    </Filter>
    <Filter Include="comctrl">
      <UniqueIdentifier>{8a0359f6-7717-4212-93e5-f12bbba07a86}</UniqueIdentifier>
    </Filter>
    <Filter Include="richeditor">
      <UniqueIdentifier>{5a6a1f13-ee7d-495e-9bc5-5ebebf6752aa}</UniqueIdentifier>
    </Filter>
  </ItemGroup>
</Project>